
Microsoft Visual Studio Solution File, Format Version 12.00
# Visual Studio Version 16
VisualStudioVersion = 16.0.29806.167
MinimumVisualStudioVersion = 10.0.40219.1
Project("{FAE04EC0-301F-11D3-BF4B-00C04F79EFBC}") = "WebApplication", "WebApplication\WebApplication.csproj", "{8335388C-3D6C-4200-8013-407D0468C7A8}"
EndProject
Project("{FAE04EC0-301F-11D3-BF4B-00C04F79EFBC}") = "BussinessManagement1", "BussinessManagement1\BussinessManagement1.csproj", "{33EBCCBB-EA97-4905-A046-EFD4945E3307}"
EndProject
Project("{FAE04EC0-301F-11D3-BF4B-00C04F79EFBC}") = "DataManagement1", "DataManagement1\DataManagement1.csproj", "{18C2E53B-C7BA-43C1-81A9-B3DFE30CF7D0}"
EndProject
Global
	GlobalSection(SolutionConfigurationPlatforms) = preSolution
		Debug|Any CPU = Debug|Any CPU
		Release|Any CPU = Release|Any CPU
	EndGlobalSection
	GlobalSection(ProjectConfigurationPlatforms) = postSolution
		{8335388C-3D6C-4200-8013-407D0468C7A8}.Debug|Any CPU.ActiveCfg = Debug|Any CPU
		{8335388C-3D6C-4200-8013-407D0468C7A8}.Debug|Any CPU.Build.0 = Debug|Any CPU
		{8335388C-3D6C-4200-8013-407D0468C7A8}.Release|Any CPU.ActiveCfg = Release|Any CPU
		{8335388C-3D6C-4200-8013-407D0468C7A8}.Release|Any CPU.Build.0 = Release|Any CPU
		{33EBCCBB-EA97-4905-A046-EFD4945E3307}.Debug|Any CPU.ActiveCfg = Debug|Any CPU
		{33EBCCBB-EA97-4905-A046-EFD4945E3307}.Debug|Any CPU.Build.0 = Debug|Any CPU
		{33EBCCBB-EA97-4905-A046-EFD4945E3307}.Release|Any CPU.ActiveCfg = Release|Any CPU
		{33EBCCBB-EA97-4905-A046-EFD4945E3307}.Release|Any CPU.Build.0 = Release|Any CPU
		{18C2E53B-C7BA-43C1-81A9-B3DFE30CF7D0}.Debug|Any CPU.ActiveCfg = Debug|Any CPU
		{18C2E53B-C7BA-43C1-81A9-B3DFE30CF7D0}.Debug|Any CPU.Build.0 = Debug|Any CPU
		{18C2E53B-C7BA-43C1-81A9-B3DFE30CF7D0}.Release|Any CPU.ActiveCfg = Release|Any CPU
		{18C2E53B-C7BA-43C1-81A9-B3DFE30CF7D0}.Release|Any CPU.Build.0 = Release|Any CPU
	EndGlobalSection
	GlobalSection(SolutionProperties) = preSolution
		HideSolutionNode = FALSE
	EndGlobalSection
	GlobalSection(ExtensibilityGlobals) = postSolution
		SolutionGuid = {8C0B6250-9D39-4740-8E2C-9A26963C8864}
	EndGlobalSection
EndGlobal
